
Microsoft Visual Studio Solution File, Format Version 12.00
Project("{FAE04EC0-301F-11D3-BF4B-00C04F79EFBC}") = "PaaahBot", "PaaahBot\PaaahBot.csproj", "{742229C4-3E7F-47C2-9600-29FC7D9B898D}"
EndProject
Global
	GlobalSection(SolutionConfigurationPlatforms) = preSolution
		Debug|Any CPU = Debug|Any CPU
		Release|Any CPU = Release|Any CPU
	EndGlobalSection
	GlobalSection(ProjectConfigurationPlatforms) = postSolution
		{742229C4-3E7F-47C2-9600-29FC7D9B898D}.Debug|Any CPU.ActiveCfg = Debug|Any CPU
		{742229C4-3E7F-47C2-9600-29FC7D9B898D}.Debug|Any CPU.Build.0 = Debug|Any CPU
		{742229C4-3E7F-47C2-9600-29FC7D9B898D}.Release|Any CPU.ActiveCfg = Release|Any CPU
		{742229C4-3E7F-47C2-9600-29FC7D9B898D}.Release|Any CPU.Build.0 = Release|Any CPU
	EndGlobalSection
EndGlobal
